
Microsoft Visual Studio Solution File, Format Version 12.00
# Visual Studio Version 17
VisualStudioVersion = 17.13.35825.156
MinimumVisualStudioVersion = 10.0.40219.1
Project("{2150E333-8FDC-42A3-9474-1A3956D46DE8}") = "src", "src", "{02EA681E-C7D8-13C7-8484-4AC65E1B71E8}"
EndProject
Project("{2150E333-8FDC-42A3-9474-1A3956D46DE8}") = "tests", "tests", "{C8957A0F-0A1F-4407-95B0-0FBE9E8E463A}"
EndProject
Project("{2150E333-8FDC-42A3-9474-1A3956D46DE8}") = "API", "API", "{4B4DB50F-FDD6-4C17-A81D-9F554C8B1D5B}"
EndProject
Project("{2150E333-8FDC-42A3-9474-1A3956D46DE8}") = "Infraestructure", "Infraestructure", "{EF9E64C8-699B-452D-9DBD-E49DB35AF546}"
EndProject
Project("{2150E333-8FDC-42A3-9474-1A3956D46DE8}") = "Applicattion", "Applicattion", "{A6F9DF04-2E11-4A24-BF9B-74C8B69586AB}"
EndProject
Project("{FAE04EC0-301F-11D3-BF4B-00C04F79EFBC}") = "Application", "Application\Application.csproj", "{B668C0B5-73DB-4473-8DA3-3E45A9E8853D}"
EndProject
Project("{FAE04EC0-301F-11D3-BF4B-00C04F79EFBC}") = "Infraestructure", "Infraestructure\Infraestructure.csproj", "{6303940C-D12C-420C-B24F-5851C8C6888B}"
EndProject
Project("{2150E333-8FDC-42A3-9474-1A3956D46DE8}") = "API", "API", "{D4885504-4862-490C-95E0-305CDFEA7A49}"
EndProject
Project("{2150E333-8FDC-42A3-9474-1A3956D46DE8}") = "Application", "Application", "{ADA51502-7E63-47B8-9ECD-FF9BC920D864}"
EndProject
Project("{2150E333-8FDC-42A3-9474-1A3956D46DE8}") = "Infraestructure", "Infraestructure", "{B6BC816E-E5D4-416F-BF26-9EAEF2087477}"
EndProject
Project("{FAE04EC0-301F-11D3-BF4B-00C04F79EFBC}") = "API", "API\API.csproj", "{CBFA08EA-AECE-205F-7B85-326FD0B81BAD}"
EndProject
Project("{FAE04EC0-301F-11D3-BF4B-00C04F79EFBC}") = "Domain", "Domain\Domain.csproj", "{E528BBC3-1C26-8C35-F682-23718816ADCD}"
EndProject
Global
	GlobalSection(SolutionConfigurationPlatforms) = preSolution
		Debug|Any CPU = Debug|Any CPU
		Release|Any CPU = Release|Any CPU
	EndGlobalSection
	GlobalSection(ProjectConfigurationPlatforms) = postSolution
		{B668C0B5-73DB-4473-8DA3-3E45A9E8853D}.Debug|Any CPU.ActiveCfg = Debug|Any CPU
		{B668C0B5-73DB-4473-8DA3-3E45A9E8853D}.Debug|Any CPU.Build.0 = Debug|Any CPU
		{B668C0B5-73DB-4473-8DA3-3E45A9E8853D}.Release|Any CPU.ActiveCfg = Release|Any CPU
		{B668C0B5-73DB-4473-8DA3-3E45A9E8853D}.Release|Any CPU.Build.0 = Release|Any CPU
		{6303940C-D12C-420C-B24F-5851C8C6888B}.Debug|Any CPU.ActiveCfg = Debug|Any CPU
		{6303940C-D12C-420C-B24F-5851C8C6888B}.Debug|Any CPU.Build.0 = Debug|Any CPU
		{6303940C-D12C-420C-B24F-5851C8C6888B}.Release|Any CPU.ActiveCfg = Release|Any CPU
		{6303940C-D12C-420C-B24F-5851C8C6888B}.Release|Any CPU.Build.0 = Release|Any CPU
		{CBFA08EA-AECE-205F-7B85-326FD0B81BAD}.Debug|Any CPU.ActiveCfg = Debug|Any CPU
		{CBFA08EA-AECE-205F-7B85-326FD0B81BAD}.Debug|Any CPU.Build.0 = Debug|Any CPU
		{CBFA08EA-AECE-205F-7B85-326FD0B81BAD}.Release|Any CPU.ActiveCfg = Release|Any CPU
		{CBFA08EA-AECE-205F-7B85-326FD0B81BAD}.Release|Any CPU.Build.0 = Release|Any CPU
		{E528BBC3-1C26-8C35-F682-23718816ADCD}.Debug|Any CPU.ActiveCfg = Debug|Any CPU
		{E528BBC3-1C26-8C35-F682-23718816ADCD}.Debug|Any CPU.Build.0 = Debug|Any CPU
		{E528BBC3-1C26-8C35-F682-23718816ADCD}.Release|Any CPU.ActiveCfg = Release|Any CPU
		{E528BBC3-1C26-8C35-F682-23718816ADCD}.Release|Any CPU.Build.0 = Release|Any CPU
	EndGlobalSection
	GlobalSection(SolutionProperties) = preSolution
		HideSolutionNode = FALSE
	EndGlobalSection
	GlobalSection(NestedProjects) = preSolution
		{4B4DB50F-FDD6-4C17-A81D-9F554C8B1D5B} = {02EA681E-C7D8-13C7-8484-4AC65E1B71E8}
		{EF9E64C8-699B-452D-9DBD-E49DB35AF546} = {02EA681E-C7D8-13C7-8484-4AC65E1B71E8}
		{A6F9DF04-2E11-4A24-BF9B-74C8B69586AB} = {02EA681E-C7D8-13C7-8484-4AC65E1B71E8}
		{B668C0B5-73DB-4473-8DA3-3E45A9E8853D} = {A6F9DF04-2E11-4A24-BF9B-74C8B69586AB}
		{6303940C-D12C-420C-B24F-5851C8C6888B} = {EF9E64C8-699B-452D-9DBD-E49DB35AF546}
		{D4885504-4862-490C-95E0-305CDFEA7A49} = {C8957A0F-0A1F-4407-95B0-0FBE9E8E463A}
		{ADA51502-7E63-47B8-9ECD-FF9BC920D864} = {C8957A0F-0A1F-4407-95B0-0FBE9E8E463A}
		{B6BC816E-E5D4-416F-BF26-9EAEF2087477} = {C8957A0F-0A1F-4407-95B0-0FBE9E8E463A}
		{CBFA08EA-AECE-205F-7B85-326FD0B81BAD} = {4B4DB50F-FDD6-4C17-A81D-9F554C8B1D5B}
		{E528BBC3-1C26-8C35-F682-23718816ADCD} = {A6F9DF04-2E11-4A24-BF9B-74C8B69586AB}
	EndGlobalSection
	GlobalSection(ExtensibilityGlobals) = postSolution
		SolutionGuid = {2D6AB622-C0D8-4170-B7A7-6631A859EE56}
	EndGlobalSection
EndGlobal
